
Microsoft Visual Studio Solution File, Format Version 12.00
# Visual Studio Version 17
VisualStudioVersion = 17.1.31903.286
MinimumVisualStudioVersion = 10.0.40219.1
Project("{FAE04EC0-301F-11D3-BF4B-00C04F79EFBC}") = "Study", "Study.csproj", "{06EF09A7-697C-4DE1-B8E1-A6DD66963600}"
EndProject
Global
	GlobalSection(SolutionConfigurationPlatforms) = preSolution
		Debug|Any CPU = Debug|Any CPU
		Release|Any CPU = Release|Any CPU
	EndGlobalSection
	GlobalSection(ProjectConfigurationPlatforms) = postSolution
		{06EF09A7-697C-4DE1-B8E1-A6DD66963600}.Debug|Any CPU.ActiveCfg = Debug|Any CPU
		{06EF09A7-697C-4DE1-B8E1-A6DD66963600}.Debug|Any CPU.Build.0 = Debug|Any CPU
		{06EF09A7-697C-4DE1-B8E1-A6DD66963600}.Release|Any CPU.ActiveCfg = Release|Any CPU
		{06EF09A7-697C-4DE1-B8E1-A6DD66963600}.Release|Any CPU.Build.0 = Release|Any CPU
	EndGlobalSection
	GlobalSection(SolutionProperties) = preSolution
		HideSolutionNode = FALSE
	EndGlobalSection
	GlobalSection(ExtensibilityGlobals) = postSolution
		SolutionGuid = {6C5566FF-EAB0-4491-9F20-0A827C2C81FA}
	EndGlobalSection
EndGlobal
